// !$*UTF8*$!
{
	archiveVersion = 1;
	classes = {
	};
	objectVersion = 48;
	objects = {

/* Begin PBXBuildFile section */
		527C463A1FDB0EF8000562BB /* AppDelegate.swift in Sources */ = {isa = PBXBuildFile; fileRef = 527C46391FDB0EF8000562BB /* AppDelegate.swift */; };
		527C463C1FDB0EF8000562BB /* ViewController.swift in Sources */ = {isa = PBXBuildFile; fileRef = 527C463B1FDB0EF8000562BB /* ViewController.swift */; };
		527C463F1FDB0EF8000562BB /* Main.storyboard in Resources */ = {isa = PBXBuildFile; fileRef = 527C463D1FDB0EF8000562BB /* Main.storyboard */; };
		527C46411FDB0EF8000562BB /* Assets.xcassets in Resources */ = {isa = PBXBuildFile; fileRef = 527C46401FDB0EF8000562BB /* Assets.xcassets */; };
		527C46441FDB0EF8000562BB /* LaunchScreen.storyboard in Resources */ = {isa = PBXBuildFile; fileRef = 527C46421FDB0EF8000562BB /* LaunchScreen.storyboard */; };
		52D10F311FDEE63D003CCD53 /* restaurant-bg.jpg in Resources */ = {isa = PBXBuildFile; fileRef = 52D10F301FDEE63D003CCD53 /* restaurant-bg.jpg */; };
/* End PBXBuildFile section */

/* Begin PBXFileReference section */
		527C46361FDB0EF8000562BB /* Guest Design Test App.app */ = {isa = PBXFileReference; explicitFileType = wrapper.application; includeInIndex = 0; path = "Guest Design Test App.app"; sourceTree = BUILT_PRODUCTS_DIR; };
		527C46391FDB0EF8000562BB /* AppDelegate.swift */ = {isa = PBXFileReference; lastKnownFileType = sourcecode.swift; path = AppDelegate.swift; sourceTree = "<group>"; };
		527C463B1FDB0EF8000562BB /* ViewController.swift */ = {isa = PBXFileReference; lastKnownFileType = sourcecode.swift; path = ViewController.swift; sourceTree = "<group>"; };
		527C463E1FDB0EF8000562BB /* Base */ = {isa = PBXFileReference; lastKnownFileType = file.storyboard; name = Base; path = Base.lproj/Main.storyboard; sourceTree = "<group>"; };
		527C46401FDB0EF8000562BB /* Assets.xcassets */ = {isa = PBXFileReference; lastKnownFileType = folder.assetcatalog; path = Assets.xcassets; sourceTree = "<group>"; };
		527C46431FDB0EF8000562BB /* Base */ = {isa = PBXFileReference; lastKnownFileType = file.storyboard; name = Base; path = Base.lproj/LaunchScreen.storyboard; sourceTree = "<group>"; };
		527C46451FDB0EF8000562BB /* Info.plist */ = {isa = PBXFileReference; lastKnownFileType = text.plist.xml; path = Info.plist; sourceTree = "<group>"; };
		52D10F301FDEE63D003CCD53 /* restaurant-bg.jpg */ = {isa = PBXFileReference; lastKnownFileType = image.jpeg; path = "restaurant-bg.jpg"; sourceTree = "<group>"; };
/* End PBXFileReference section */

/* Begin PBXFrameworksBuildPhase section */
		527C46331FDB0EF8000562BB /* Frameworks */ = {
			isa = PBXFrameworksBuildPhase;
			buildActionMask = 2147483647;
			files = (
			);
			runOnlyForDeploymentPostprocessing = 0;
		};
/* End PBXFrameworksBuildPhase section */

/* Begin PBXGroup section */
		527C462D1FDB0EF8000562BB = {
			isa = PBXGroup;
			children = (
				527C46381FDB0EF8000562BB /* Guest Design Test App */,
				527C46371FDB0EF8000562BB /* Products */,
			);
			sourceTree = "<group>";
		};
		527C46371FDB0EF8000562BB /* Products */ = {
			isa = PBXGroup;
			children = (
				527C46361FDB0EF8000562BB /* Guest Design Test App.app */,
			);
			name = Products;
			sourceTree = "<group>";
		};
		527C46381FDB0EF8000562BB /* Guest Design Test App */ = {
			isa = PBXGroup;
			children = (
				527C46391FDB0EF8000562BB /* AppDelegate.swift */,
				527C463B1FDB0EF8000562BB /* ViewController.swift */,
				527C463D1FDB0EF8000562BB /* Main.storyboard */,
				527C46401FDB0EF8000562BB /* Assets.xcassets */,
				52D10F301FDEE63D003CCD53 /* restaurant-bg.jpg */,
				527C46421FDB0EF8000562BB /* LaunchScreen.storyboard */,
				527C46451FDB0EF8000562BB /* Info.plist */,
			);
			path = "Guest Design Test App";
			sourceTree = "<group>";
		};
/* End PBXGroup section */

/* Begin PBXNativeTarget section */
		527C46351FDB0EF8000562BB /* Guest Design Test App */ = {
			isa = PBXNativeTarget;
			buildConfigurationList = 527C46481FDB0EF8000562BB /* Build configuration list for PBXNativeTarget "Guest Design Test App" */;
			buildPhases = (
				527C46321FDB0EF8000562BB /* Sources */,
				527C46331FDB0EF8000562BB /* Frameworks */,
				527C46341FDB0EF8000562BB /* Resources */,
			);
			buildRules = (
			);
			dependencies = (
			);
			name = "Guest Design Test App";
			productName = "Guest Design Test App";
			productReference = 527C46361FDB0EF8000562BB /* Guest Design Test App.app */;
			productType = "com.apple.product-type.application";
		};
/* End PBXNativeTarget section */

/* Begin PBXProject section */
		527C462E1FDB0EF8000562BB /* Project object */ = {
			isa = PBXProject;
			attributes = {
				LastSwiftUpdateCheck = 0900;
				LastUpgradeCheck = 0900;
				ORGANIZATIONNAME = "CRS Technologies India Pvt Ltd";
				TargetAttributes = {
					527C46351FDB0EF8000562BB = {
						CreatedOnToolsVersion = 9.0.1;
						ProvisioningStyle = Automatic;
					};
				};
			};
			buildConfigurationList = 527C46311FDB0EF8000562BB /* Build configuration list for PBXProject "Guest Design Test App" */;
			compatibilityVersion = "Xcode 8.0";
			developmentRegion = en;
			hasScannedForEncodings = 0;
			knownRegions = (
				en,
				Base,
			);
			mainGroup = 527C462D1FDB0EF8000562BB;
			productRefGroup = 527C46371FDB0EF8000562BB /* Products */;
			projectDirPath = "";
			projectRoot = "";
			targets = (
				527C46351FDB0EF8000562BB /* Guest Design Test App */,
			);
		};
/* End PBXProject section */

/* Begin PBXResourcesBuildPhase section */
		527C46341FDB0EF8000562BB /* Resources */ = {
			isa = PBXResourcesBuildPhase;
			buildActionMask = 2147483647;
			files = (
				527C46441FDB0EF8000562BB /* LaunchScreen.storyboard in Resources */,
				527C46411FDB0EF8000562BB /* Assets.xcassets in Resources */,
				527C463F1FDB0EF8000562BB /* Main.storyboard in Resources */,
				52D10F311FDEE63D003CCD53 /* restaurant-bg.jpg in Resources */,
			);
			runOnlyForDeploymentPostprocessing = 0;
		};
/* End PBXResourcesBuildPhase section */

/* Begin PBXSourcesBuildPhase section */
		527C46321FDB0EF8000562BB /* Sources */ = {
			isa = PBXSourcesBuildPhase;
			buildActionMask = 2147483647;
			files = (
				527C463C1FDB0EF8000562BB /* ViewController.swift in Sources */,
				527C463A1FDB0EF8000562BB /* AppDelegate.swift in Sources */,
			);
			runOnlyForDeploymentPostprocessing = 0;
		};
/* End PBXSourcesBuildPhase section */

/* Begin PBXVariantGroup section */
		527C463D1FDB0EF8000562BB /* Main.storyboard */ = {
			isa = PBXVariantGroup;
			children = (
				527C463E1FDB0EF8000562BB /* Base */,
			);
			name = Main.storyboard;
			sourceTree = "<group>";
		};
		527C46421FDB0EF8000562BB /* LaunchScreen.storyboard */ = {
			isa = PBXVariantGroup;
			children = (
				527C46431FDB0EF8000562BB /* Base */,
			);
			name = LaunchScreen.storyboard;
			sourceTree = "<group>";
		};
/* End PBXVariantGroup section */

/* Begin XCBuildConfiguration section */
		527C46461FDB0EF8000562BB /* Debug */ = {
			isa = XCBuildConfiguration;
			buildSettings = {
				ALWAYS_SEARCH_USER_PATHS = NO;
				CLANG_ANALYZER_NONNULL = YES;
				CLANG_ANALYZER_NUMBER_OBJECT_CONVERSION = YES_AGGRESSIVE;
				CLANG_CXX_LANGUAGE_STANDARD = "gnu++14";
				CLANG_CXX_LIBRARY = "libc++";
				CLANG_ENABLE_MODULES = YES;
				CLANG_ENABLE_OBJC_ARC = YES;
				CLANG_WARN_BLOCK_CAPTURE_AUTORELEASING = YES;
				CLANG_WARN_BOOL_CONVERSION = YES;
				CLANG_WARN_COMMA = YES;
				CLANG_WARN_CONSTANT_CONVERSION = YES;
				CLANG_WARN_DIRECT_OBJC_ISA_USAGE = YES_ERROR;
				CLANG_WARN_DOCUMENTATION_COMMENTS = YES;
				CLANG_WARN_EMPTY_BODY = YES;
				CLANG_WARN_ENUM_CONVERSION = YES;
				CLANG_WARN_INFINITE_RECURSION = YES;
				CLANG_WARN_INT_CONVERSION = YES;
				CLANG_WARN_NON_LITERAL_NULL_CONVERSION = YES;
				CLANG_WARN_OBJC_LITERAL_CONVERSION = YES;
				CLANG_WARN_OBJC_ROOT_CLASS = YES_ERROR;
				CLANG_WARN_RANGE_LOOP_ANALYSIS = YES;
				CLANG_WARN_STRICT_PROTOTYPES = YES;
				CLANG_WARN_SUSPICIOUS_MOVE = YES;
				CLANG_WARN_UNGUARDED_AVAILABILITY = YES_AGGRESSIVE;
				CLANG_WARN_UNREACHABLE_CODE = YES;
				CLANG_WARN__DUPLICATE_METHOD_MATCH = YES;
				CODE_SIGN_IDENTITY = "iPhone Developer";
				COPY_PHASE_STRIP = NO;
				DEBUG_INFORMATION_FORMAT = dwarf;
				ENABLE_STRICT_OBJC_MSGSEND = YES;
				ENABLE_TESTABILITY = YES;
				GCC_C_LANGUAGE_STANDARD = gnu11;
				GCC_DYNAMIC_NO_PIC = NO;
				GCC_NO_COMMON_BLOCKS = YES;
				GCC_OPTIMIZATION_LEVEL = 0;
				GCC_PREPROCESSOR_DEFINITIONS = (
					"DEBUG=1",
					"$(inherited)",
				);
				GCC_WARN_64_TO_32_BIT_CONVERSION = YES;
				GCC_WARN_ABOUT_RETURN_TYPE = YES_ERROR;
				GCC_WARN_UNDECLARED_SELECTOR = YES;
				GCC_WARN_UNINITIALIZED_AUTOS = YES_AGGRESSIVE;
				GCC_WARN_UNUSED_FUNCTION = YES;
				GCC_WARN_UNUSED_VARIABLE = YES;
				IPHONEOS_DEPLOYMENT_TARGET = 11.0;
				MTL_ENABLE_DEBUG_INFO = YES;
				ONLY_ACTIVE_ARCH = YES;
				SDKROOT = iphoneos;
				SWIFT_ACTIVE_COMPILATION_CONDITIONS = DEBUG;
				SWIFT_OPTIMIZATION_LEVEL = "-Onone";
			};
			name = Debug;
		};
		527C46471FDB0EF8000562BB /* Release */ = {
			isa = XCBuildConfiguration;
			buildSettings = {
				ALWAYS_SEARCH_USER_PATHS = NO;
				CLANG_ANALYZER_NONNULL = YES;
				CLANG_ANALYZER_NUMBER_OBJECT_CONVERSION = YES_AGGRESSIVE;
				CLANG_CXX_LANGUAGE_STANDARD = "gnu++14";
				CLANG_CXX_LIBRARY = "libc++";
				CLANG_ENABLE_MODULES = YES;
				CLANG_ENABLE_OBJC_ARC = YES;
				CLANG_WARN_BLOCK_CAPTURE_AUTORELEASING = YES;
				CLANG_WARN_BOOL_CONVERSION = YES;
				CLANG_WARN_COMMA = YES;
				CLANG_WARN_CONSTANT_CONVERSION = YES;
				CLANG_WARN_DIRECT_OBJC_ISA_USAGE = YES_ERROR;
				CLANG_WARN_DOCUMENTATION_COMMENTS = YES;
				CLANG_WARN_EMPTY_BODY = YES;
				CLANG_WARN_ENUM_CONVERSION = YES;
				CLANG_WARN_INFINITE_RECURSION = YES;
				CLANG_WARN_INT_CONVERSION = YES;
				CLANG_WARN_NON_LITERAL_NULL_CONVERSION = YES;
				CLANG_WARN_OBJC_LITERAL_CONVERSION = YES;
				CLANG_WARN_OBJC_ROOT_CLASS = YES_ERROR;
				CLANG_WARN_RANGE_LOOP_ANALYSIS = YES;
				CLANG_WARN_STRICT_PROTOTYPES = YES;
				CLANG_WARN_SUSPICIOUS_MOVE = YES;
				CLANG_WARN_UNGUARDED_AVAILABILITY = YES_AGGRESSIVE;
				CLANG_WARN_UNREACHABLE_CODE = YES;
				CLANG_WARN__DUPLICATE_METHOD_MATCH = YES;
				CODE_SIGN_IDENTITY = "iPhone Developer";
				COPY_PHASE_STRIP = NO;
				DEBUG_INFORMATION_FORMAT = "dwarf-with-dsym";
				ENABLE_NS_ASSERTIONS = NO;
				ENABLE_STRICT_OBJC_MSGSEND = YES;
				GCC_C_LANGUAGE_STANDARD = gnu11;
				GCC_NO_COMMON_BLOCKS = YES;
				GCC_WARN_64_TO_32_BIT_CONVERSION = YES;
				GCC_WARN_ABOUT_RETURN_TYPE = YES_ERROR;
				GCC_WARN_UNDECLARED_SELECTOR = YES;
				GCC_WARN_UNINITIALIZED_AUTOS = YES_AGGRESSIVE;
				GCC_WARN_UNUSED_FUNCTION = YES;
				GCC_WARN_UNUSED_VARIABLE = YES;
				IPHONEOS_DEPLOYMENT_TARGET = 11.0;
				MTL_ENABLE_DEBUG_INFO = NO;
				SDKROOT = iphoneos;
				SWIFT_OPTIMIZATION_LEVEL = "-Owholemodule";
				VALIDATE_PRODUCT = YES;
			};
			name = Release;
		};
		527C46491FDB0EF8000562BB /* Debug */ = {
			isa = XCBuildConfiguration;
			buildSettings = {
				ASSETCATALOG_COMPILER_APPICON_NAME = AppIcon;
				CODE_SIGN_STYLE = Automatic;
				DEVELOPMENT_TEAM = 2QBYT7MPZA;
				INFOPLIST_FILE = "Guest Design Test App/Info.plist";
				IPHONEOS_DEPLOYMENT_TARGET = 10.0;
				LD_RUNPATH_SEARCH_PATHS = "$(inherited) @executable_path/Frameworks";
				PRODUCT_BUNDLE_IDENTIFIER = "com.webcrstravel.Guest-Design-Test-App";
				PRODUCT_NAME = "$(TARGET_NAME)";
				SWIFT_VERSION = 4.0;
				TARGETED_DEVICE_FAMILY = "1,2";
			};
			name = Debug;
		};
		527C464A1FDB0EF8000562BB /* Release */ = {
			isa = XCBuildConfiguration;
			buildSettings = {
				ASSETCATALOG_COMPILER_APPICON_NAME = AppIcon;
				CODE_SIGN_STYLE = Automatic;
				DEVELOPMENT_TEAM = 2QBYT7MPZA;
				INFOPLIST_FILE = "Guest Design Test App/Info.plist";
				IPHONEOS_DEPLOYMENT_TARGET = 10.0;
				LD_RUNPATH_SEARCH_PATHS = "$(inherited) @executable_path/Frameworks";
				PRODUCT_BUNDLE_IDENTIFIER = "com.webcrstravel.Guest-Design-Test-App";
				PRODUCT_NAME = "$(TARGET_NAME)";
				SWIFT_VERSION = 4.0;
				TARGETED_DEVICE_FAMILY = "1,2";
			};
			name = Release;
		};
/* End XCBuildConfiguration section */

/* Begin XCConfigurationList section */
		527C46311FDB0EF8000562BB /* Build configuration list for PBXProject "Guest Design Test App" */ = {
			isa = XCConfigurationList;
			buildConfigurations = (
				527C46461FDB0EF8000562BB /* Debug */,
				527C46471FDB0EF8000562BB /* Release */,
			);
			defaultConfigurationIsVisible = 0;
			defaultConfigurationName = Release;
		};
		527C46481FDB0EF8000562BB /* Build configuration list for PBXNativeTarget "Guest Design Test App" */ = {
			isa = XCConfigurationList;
			buildConfigurations = (
				527C46491FDB0EF8000562BB /* Debug */,
				527C464A1FDB0EF8000562BB /* Release */,
			);
			defaultConfigurationIsVisible = 0;
			defaultConfigurationName = Release;
		};
/* End XCConfigurationList section */
	};
	rootObject = 527C462E1FDB0EF8000562BB /* Project object */;
}
